<?xml version="1.0" encoding="utf-8"?>
<Project ToolsVersion="4.0" xmlns="http://schemas.microsoft.com/developer/msbuild/2003">
  <ItemGroup>
    <Filter Include="Source Files">
      <UniqueIdentifier>{4FC737F1-C7A5-4376-A066-2A32D752A2FF}</UniqueIdentifier>
      <Extensions>cpp;c;cc;cxx;def;odl;idl;hpj;bat;asm;asmx</Extensions>
    </Filter>
    <Filter Include="Header Files">
      <UniqueIdentifier>{93995380-89BD-4b04-88EB-625FBE52EBFB}</UniqueIdentifier>
      <Extensions>h;hh;hpp;hxx;hm;inl;inc;xsd</Extensions>
    </Filter>
    <Filter Include="Resource Files">
      <UniqueIdentifier>{67DA6AB6-F800-4c08-8B7A-83BB121AAD01}</UniqueIdentifier>
      <Extensions>rc;ico;cur;bmp;dlg;rc2;rct;bin;rgs;gif;jpg;jpeg;jpe;resx;tiff;tif;png;wav;mfcribbon-ms</Extensions>
    </Filter>
    <Filter Include="TrainingClassifier">
      <UniqueIdentifier>{567b7d71-12e6-4cf2-99c8-41879ee5bdff}</UniqueIdentifier>
    </Filter>
  </ItemGroup>
  <ItemGroup>
    <ClCompile Include="motiontracking.cpp">
      <Filter>Source Files</Filter>
    </ClCompile>
    <ClCompile Include="ProjectionMethods.cpp">
      <Filter>Source Files</Filter>
    </ClCompile>
    <ClCompile Include="Circle.cpp">
      <Filter>Source Files</Filter>
    </ClCompile>
    <ClCompile Include="..\..\opencv\sources\apps\traincascade\boost.cpp">
      <Filter>TrainingClassifier</Filter>
    </ClCompile>
    <ClCompile Include="..\..\opencv\sources\apps\traincascade\cascadeclassifier.cpp">
      <Filter>TrainingClassifier</Filter>
    </ClCompile>
    <ClCompile Include="..\..\opencv\sources\apps\traincascade\features.cpp">
      <Filter>TrainingClassifier</Filter>
    </ClCompile>
    <ClCompile Include="..\..\opencv\sources\apps\traincascade\haarfeatures.cpp">
      <Filter>TrainingClassifier</Filter>
    </ClCompile>
    <ClCompile Include="..\..\opencv\sources\apps\traincascade\HOGfeatures.cpp">
      <Filter>TrainingClassifier</Filter>
    </ClCompile>
    <ClCompile Include="..\..\opencv\sources\apps\traincascade\imagestorage.cpp">
      <Filter>TrainingClassifier</Filter>
    </ClCompile>
    <ClCompile Include="..\..\opencv\sources\apps\traincascade\lbpfeatures.cpp">
      <Filter>TrainingClassifier</Filter>
    </ClCompile>
    <ClCompile Include="..\..\opencv\sources\apps\traincascade\old_ml_boost.cpp">
      <Filter>TrainingClassifier</Filter>
    </ClCompile>
    <ClCompile Include="..\..\opencv\sources\apps\traincascade\old_ml_data.cpp">
      <Filter>TrainingClassifier</Filter>
    </ClCompile>
    <ClCompile Include="..\..\opencv\sources\apps\traincascade\old_ml_inner_functions.cpp">
      <Filter>TrainingClassifier</Filter>
    </ClCompile>
    <ClCompile Include="..\..\opencv\sources\apps\traincascade\old_ml_tree.cpp">
      <Filter>TrainingClassifier</Filter>
    </ClCompile>
    <ClCompile Include="..\..\opencv\sources\apps\traincascade\traincascade.cpp">
      <Filter>TrainingClassifier</Filter>
    </ClCompile>
    <ClCompile Include="alkeshsource.cpp">
      <Filter>Resource Files</Filter>
    </ClCompile>
    <ClCompile Include="blobs.cpp">
      <Filter>Resource Files</Filter>
    </ClCompile>
    <ClCompile Include="camshiftdemo.cpp">
      <Filter>Resource Files</Filter>
    </ClCompile>
    <ClCompile Include="..\..\opencv\sources\apps\createsamples\createsamples.cpp">
      <Filter>Resource Files</Filter>
    </ClCompile>
    <ClCompile Include="DetectionMethods.cpp">
      <Filter>Resource Files</Filter>
    </ClCompile>
    <ClCompile Include="KalmanFilterPrediction.cpp">
      <Filter>Resource Files</Filter>
    </ClCompile>
    <ClCompile Include="MotionCapture.cpp">
      <Filter>Resource Files</Filter>
    </ClCompile>
    <ClCompile Include="reprojectImageTo3D.cpp">
      <Filter>Resource Files</Filter>
    </ClCompile>
    <ClCompile Include="..\..\opencv\sources\samples\cpp\stereo_calib.cpp">
      <Filter>Resource Files</Filter>
    </ClCompile>
    <ClCompile Include="..\..\opencv\sources\samples\cpp\stereo_match.cpp">
      <Filter>Resource Files</Filter>
    </ClCompile>
    <ClCompile Include="stereomatch_3D.cpp">
      <Filter>Resource Files</Filter>
    </ClCompile>
    <ClCompile Include="..\..\opencv\sources\apps\createsamples\utility.cpp">
      <Filter>Resource Files</Filter>
    </ClCompile>
    <ClCompile Include="circledetect.cpp">
      <Filter>Source Files</Filter>
    </ClCompile>
  </ItemGroup>
  <ItemGroup>
    <ClInclude Include="polyfit.hpp">
      <Filter>Header Files</Filter>
    </ClInclude>
    <ClInclude Include="..\..\opencv\sources\apps\traincascade\boost.h">
      <Filter>TrainingClassifier</Filter>
    </ClInclude>
    <ClInclude Include="..\..\opencv\sources\apps\traincascade\cascadeclassifier.h">
      <Filter>TrainingClassifier</Filter>
    </ClInclude>
    <ClInclude Include="..\..\opencv\sources\apps\traincascade\haarfeatures.h">
      <Filter>TrainingClassifier</Filter>
    </ClInclude>
    <ClInclude Include="..\..\opencv\sources\apps\traincascade\HOGfeatures.h">
      <Filter>TrainingClassifier</Filter>
    </ClInclude>
    <ClInclude Include="..\..\opencv\sources\apps\traincascade\imagestorage.h">
      <Filter>TrainingClassifier</Filter>
    </ClInclude>
    <ClInclude Include="..\..\opencv\sources\apps\traincascade\lbpfeatures.h">
      <Filter>TrainingClassifier</Filter>
    </ClInclude>
    <ClInclude Include="..\..\opencv\sources\apps\traincascade\old_ml.hpp">
      <Filter>TrainingClassifier</Filter>
    </ClInclude>
    <ClInclude Include="..\..\opencv\sources\apps\traincascade\old_ml_precomp.hpp">
      <Filter>TrainingClassifier</Filter>
    </ClInclude>
    <ClInclude Include="..\..\opencv\sources\apps\traincascade\traincascade_features.h">
      <Filter>TrainingClassifier</Filter>
    </ClInclude>
    <ClInclude Include="DetectionMethods.h">
      <Filter>Resource Files</Filter>
    </ClInclude>
    <ClInclude Include="..\..\opencv\sources\apps\createsamples\utility.hpp">
      <Filter>Resource Files</Filter>
    </ClInclude>
    <ClInclude Include="stereomatch_3D_lib.h">
      <Filter>Resource Files</Filter>
    </ClInclude>
    <ClInclude Include="motiontracking.hpp">
      <Filter>Header Files</Filter>
    </ClInclude>
    <ClInclude Include="ProjectionMethods.hpp">
      <Filter>Header Files</Filter>
    </ClInclude>
    <ClInclude Include="Circle.hpp">
      <Filter>Header Files</Filter>
    </ClInclude>
    <ClInclude Include="circledetect.hpp">
      <Filter>Header Files</Filter>
    </ClInclude>
  </ItemGroup>
  <ItemGroup>
    <Text Include="..\..\opencv\sources\apps\traincascade\CMakeLists.txt">
      <Filter>TrainingClassifier</Filter>
    </Text>
  </ItemGroup>
</Project>