<?xml version="1.0" encoding="utf-8"?>
<Project ToolsVersion="4.0" xmlns="http://schemas.microsoft.com/developer/msbuild/2003">
  <ItemGroup>
    <Filter Include="Source Files">
      <UniqueIdentifier>{4FC737F1-C7A5-4376-A066-2A32D752A2FF}</UniqueIdentifier>
      <Extensions>cpp;c;cc;cxx;def;odl;idl;hpj;bat;asm;asmx</Extensions>
    </Filter>
    <Filter Include="Header Files">
      <UniqueIdentifier>{93995380-89BD-4b04-88EB-625FBE52EBFB}</UniqueIdentifier>
      <Extensions>h;hh;hpp;hxx;hm;inl;inc;xsd</Extensions>
    </Filter>
    <Filter Include="Resource Files">
      <UniqueIdentifier>{67DA6AB6-F800-4c08-8B7A-83BB121AAD01}</UniqueIdentifier>
      <Extensions>rc;ico;cur;bmp;dlg;rc2;rct;bin;rgs;gif;jpg;jpeg;jpe;resx;tiff;tif;png;wav;mfcribbon-ms</Extensions>
    </Filter>
    <Filter Include="Demos">
      <UniqueIdentifier>{2f67bc2c-b034-4358-b744-1bf19c11e507}</UniqueIdentifier>
    </Filter>
  </ItemGroup>
  <ItemGroup>
    <ClCompile Include="motiontracking.cpp">
      <Filter>Source Files</Filter>
    </ClCompile>
    <ClCompile Include="alkeshsource.cpp">
      <Filter>Resource Files</Filter>
    </ClCompile>
    <ClCompile Include="blobs.cpp">
      <Filter>Resource Files</Filter>
    </ClCompile>
    <ClCompile Include="camshiftdemo.cpp">
      <Filter>Resource Files</Filter>
    </ClCompile>
    <ClCompile Include="..\..\opencv\sources\apps\createsamples\createsamples.cpp">
      <Filter>Resource Files</Filter>
    </ClCompile>
    <ClCompile Include="DetectionMethods.cpp">
      <Filter>Resource Files</Filter>
    </ClCompile>
    <ClCompile Include="KalmanFilterPrediction.cpp">
      <Filter>Resource Files</Filter>
    </ClCompile>
    <ClCompile Include="reprojectImageTo3D.cpp">
      <Filter>Resource Files</Filter>
    </ClCompile>
    <ClCompile Include="..\..\opencv\sources\samples\cpp\stereo_calib.cpp">
      <Filter>Resource Files</Filter>
    </ClCompile>
    <ClCompile Include="..\..\opencv\sources\samples\cpp\stereo_match.cpp">
      <Filter>Resource Files</Filter>
    </ClCompile>
    <ClCompile Include="stereomatch_3D.cpp">
      <Filter>Resource Files</Filter>
    </ClCompile>
    <ClCompile Include="..\..\opencv\sources\apps\createsamples\utility.cpp">
      <Filter>Resource Files</Filter>
    </ClCompile>
    <ClCompile Include="testcodedump.cpp">
      <Filter>Resource Files</Filter>
    </ClCompile>
    <ClCompile Include="..\..\opencv\sources\samples\cpp\tutorial_code\ImgTrans\CannyDetector_Demo.cpp">
      <Filter>Demos</Filter>
    </ClCompile>
    <ClCompile Include="..\..\opencv\sources\samples\cpp\tutorial_code\ImgTrans\copyMakeBorder_demo.cpp">
      <Filter>Demos</Filter>
    </ClCompile>
    <ClCompile Include="..\..\opencv\sources\samples\cpp\tutorial_code\ImgTrans\filter2D_demo.cpp">
      <Filter>Demos</Filter>
    </ClCompile>
    <ClCompile Include="..\..\opencv\sources\samples\cpp\tutorial_code\ImgTrans\Geometric_Transforms_Demo.cpp">
      <Filter>Demos</Filter>
    </ClCompile>
    <ClCompile Include="..\..\opencv\sources\samples\cpp\tutorial_code\ImgTrans\HoughCircle_Demo.cpp">
      <Filter>Demos</Filter>
    </ClCompile>
    <ClCompile Include="..\..\opencv\sources\samples\cpp\tutorial_code\ImgTrans\HoughLines_Demo.cpp">
      <Filter>Demos</Filter>
    </ClCompile>
    <ClCompile Include="..\..\opencv\sources\samples\cpp\tutorial_code\ImgTrans\imageSegmentation.cpp">
      <Filter>Demos</Filter>
    </ClCompile>
    <ClCompile Include="..\..\opencv\sources\samples\cpp\tutorial_code\ImgTrans\Laplace_Demo.cpp">
      <Filter>Demos</Filter>
    </ClCompile>
    <ClCompile Include="..\..\opencv\sources\samples\cpp\tutorial_code\ImgTrans\Remap_Demo.cpp">
      <Filter>Demos</Filter>
    </ClCompile>
    <ClCompile Include="..\..\opencv\sources\samples\cpp\tutorial_code\ImgTrans\Sobel_Demo.cpp">
      <Filter>Demos</Filter>
    </ClCompile>
    <ClCompile Include="ProjectionMethods.cpp">
      <Filter>Source Files</Filter>
    </ClCompile>
    <ClCompile Include="testball.cpp">
      <Filter>Source Files</Filter>
    </ClCompile>
    <ClCompile Include="MotionCapture.cpp">
      <Filter>Source Files</Filter>
    </ClCompile>
  </ItemGroup>
  <ItemGroup>
    <ClInclude Include="polyfit.hpp">
      <Filter>Header Files</Filter>
    </ClInclude>
    <ClInclude Include="DetectionMethods.h">
      <Filter>Resource Files</Filter>
    </ClInclude>
    <ClInclude Include="..\..\opencv\sources\apps\createsamples\utility.hpp">
      <Filter>Resource Files</Filter>
    </ClInclude>
    <ClInclude Include="stereomatch_3D_lib.h">
      <Filter>Resource Files</Filter>
    </ClInclude>
    <ClInclude Include="motiontracking.hpp">
      <Filter>Header Files</Filter>
    </ClInclude>
    <ClInclude Include="ProjectionMethods.hpp">
      <Filter>Header Files</Filter>
    </ClInclude>
    <ClInclude Include="Circle.hpp">
      <Filter>Header Files</Filter>
    </ClInclude>
    <ClInclude Include="circledetect.hpp">
      <Filter>Header Files</Filter>
    </ClInclude>
    <ClInclude Include="MotionCapture.h">
      <Filter>Header Files</Filter>
    </ClInclude>
  </ItemGroup>
</Project>